// !$*UTF8*$!
{
	archiveVersion = 1;
	classes = {
	};
	objectVersion = 52;
	objects = {

/* Begin PBXBuildFile section */
		EA119E762713CA890083A4EC /* Alamofire in Frameworks */ = {isa = PBXBuildFile; productRef = EA119E752713CA890083A4EC /* Alamofire */; };
		EA119E792713CADE0083A4EC /* SwiftyJSON in Frameworks */ = {isa = PBXBuildFile; productRef = EA119E782713CADE0083A4EC /* SwiftyJSON */; };
		EA119E7C2713CB250083A4EC /* SwiftSoup in Frameworks */ = {isa = PBXBuildFile; productRef = EA119E7B2713CB250083A4EC /* SwiftSoup */; };
		EAE3526926F00DF2002821F8 /* SwiftUtility.framework in Frameworks */ = {isa = PBXBuildFile; fileRef = EAE3525F26F00DF2002821F8 /* SwiftUtility.framework */; };
		EAE3526E26F00DF2002821F8 /* SwiftUtilityTests.swift in Sources */ = {isa = PBXBuildFile; fileRef = EAE3526D26F00DF2002821F8 /* SwiftUtilityTests.swift */; };
		EAE352BA26F00EF0002821F8 /* SwiftUtility.h in Headers */ = {isa = PBXBuildFile; fileRef = EAE352A626F00EEF002821F8 /* SwiftUtility.h */; settings = {ATTRIBUTES = (Public, ); }; };
		EAE352BB26F00EF0002821F8 /* Appliable.swift in Sources */ = {isa = PBXBuildFile; fileRef = EAE352A726F00EEF002821F8 /* Appliable.swift */; };
		EAE352BD26F00EF0002821F8 /* IntUtility.swift in Sources */ = {isa = PBXBuildFile; fileRef = EAE352A926F00EEF002821F8 /* IntUtility.swift */; };
		EAE352BE26F00EF0002821F8 /* SequenceUtility.swift in Sources */ = {isa = PBXBuildFile; fileRef = EAE352AA26F00EEF002821F8 /* SequenceUtility.swift */; };
		EAE352C026F00EF0002821F8 /* DoubleUtility.swift in Sources */ = {isa = PBXBuildFile; fileRef = EAE352AC26F00EEF002821F8 /* DoubleUtility.swift */; };
		EAE352C126F00EF0002821F8 /* DictionaryUtility.swift in Sources */ = {isa = PBXBuildFile; fileRef = EAE352AD26F00EEF002821F8 /* DictionaryUtility.swift */; };
		EAE352C226F00EF0002821F8 /* BundleUtility.swift in Sources */ = {isa = PBXBuildFile; fileRef = EAE352AE26F00EEF002821F8 /* BundleUtility.swift */; };
		EAE352C326F00EF0002821F8 /* SQLUtility.swift in Sources */ = {isa = PBXBuildFile; fileRef = EAE352AF26F00EEF002821F8 /* SQLUtility.swift */; };
		EAE352C426F00EF0002821F8 /* JSONUtility.swift in Sources */ = {isa = PBXBuildFile; fileRef = EAE352B026F00EF0002821F8 /* JSONUtility.swift */; };
		EAE352C526F00EF0002821F8 /* HTTPRequestUtility.swift in Sources */ = {isa = PBXBuildFile; fileRef = EAE352B126F00EF0002821F8 /* HTTPRequestUtility.swift */; };
		EAE352C626F00EF0002821F8 /* DateUtility.swift in Sources */ = {isa = PBXBuildFile; fileRef = EAE352B226F00EF0002821F8 /* DateUtility.swift */; };
		EAE352C726F00EF0002821F8 /* FloatUtility.swift in Sources */ = {isa = PBXBuildFile; fileRef = EAE352B326F00EF0002821F8 /* FloatUtility.swift */; };
		EAE352C826F00EF0002821F8 /* CollectionUtility.swift in Sources */ = {isa = PBXBuildFile; fileRef = EAE352B426F00EF0002821F8 /* CollectionUtility.swift */; };
		EAE352C926F00EF0002821F8 /* MirrorUtility.swift in Sources */ = {isa = PBXBuildFile; fileRef = EAE352B526F00EF0002821F8 /* MirrorUtility.swift */; };
		EAE352CA26F00EF0002821F8 /* Error.swift in Sources */ = {isa = PBXBuildFile; fileRef = EAE352B626F00EF0002821F8 /* Error.swift */; };
		EAE352CC26F00EF0002821F8 /* LogUtility.swift in Sources */ = {isa = PBXBuildFile; fileRef = EAE352B826F00EF0002821F8 /* LogUtility.swift */; };
		EAE352CD26F00EF0002821F8 /* StringUtility.swift in Sources */ = {isa = PBXBuildFile; fileRef = EAE352B926F00EF0002821F8 /* StringUtility.swift */; };
		EAE352F626F015B6002821F8 /* AppDelegate.swift in Sources */ = {isa = PBXBuildFile; fileRef = EAE352F526F015B6002821F8 /* AppDelegate.swift */; };
		EAE352F826F015B6002821F8 /* SceneDelegate.swift in Sources */ = {isa = PBXBuildFile; fileRef = EAE352F726F015B6002821F8 /* SceneDelegate.swift */; };
		EAE352FA26F015B6002821F8 /* ViewController.swift in Sources */ = {isa = PBXBuildFile; fileRef = EAE352F926F015B6002821F8 /* ViewController.swift */; };
		EAE352FD26F015B6002821F8 /* Main.storyboard in Resources */ = {isa = PBXBuildFile; fileRef = EAE352FB26F015B6002821F8 /* Main.storyboard */; };
		EAE352FF26F015B7002821F8 /* Assets.xcassets in Resources */ = {isa = PBXBuildFile; fileRef = EAE352FE26F015B7002821F8 /* Assets.xcassets */; };
		EAE3530226F015B7002821F8 /* LaunchScreen.storyboard in Resources */ = {isa = PBXBuildFile; fileRef = EAE3530026F015B7002821F8 /* LaunchScreen.storyboard */; };
/* End PBXBuildFile section */

/* Begin PBXContainerItemProxy section */
		EAE3526A26F00DF2002821F8 /* PBXContainerItemProxy */ = {
			isa = PBXContainerItemProxy;
			containerPortal = EAE3525626F00DF2002821F8 /* Project object */;
			proxyType = 1;
			remoteGlobalIDString = EAE3525E26F00DF2002821F8;
			remoteInfo = SwiftUtility;
		};
/* End PBXContainerItemProxy section */

/* Begin PBXFileReference section */
		EAE3525F26F00DF2002821F8 /* SwiftUtility.framework */ = {isa = PBXFileReference; explicitFileType = wrapper.framework; includeInIndex = 0; path = SwiftUtility.framework; sourceTree = BUILT_PRODUCTS_DIR; };
		EAE3526826F00DF2002821F8 /* SwiftUtilityTests.xctest */ = {isa = PBXFileReference; explicitFileType = wrapper.cfbundle; includeInIndex = 0; path = SwiftUtilityTests.xctest; sourceTree = BUILT_PRODUCTS_DIR; };
		EAE3526D26F00DF2002821F8 /* SwiftUtilityTests.swift */ = {isa = PBXFileReference; lastKnownFileType = sourcecode.swift; path = SwiftUtilityTests.swift; sourceTree = "<group>"; };
		EAE3526F26F00DF2002821F8 /* Info.plist */ = {isa = PBXFileReference; lastKnownFileType = text.plist.xml; path = Info.plist; sourceTree = "<group>"; };
		EAE352A626F00EEF002821F8 /* SwiftUtility.h */ = {isa = PBXFileReference; fileEncoding = 4; lastKnownFileType = sourcecode.c.h; path = SwiftUtility.h; sourceTree = "<group>"; };
		EAE352A726F00EEF002821F8 /* Appliable.swift */ = {isa = PBXFileReference; fileEncoding = 4; lastKnownFileType = sourcecode.swift; path = Appliable.swift; sourceTree = "<group>"; };
		EAE352A926F00EEF002821F8 /* IntUtility.swift */ = {isa = PBXFileReference; fileEncoding = 4; lastKnownFileType = sourcecode.swift; path = IntUtility.swift; sourceTree = "<group>"; };
		EAE352AA26F00EEF002821F8 /* SequenceUtility.swift */ = {isa = PBXFileReference; fileEncoding = 4; lastKnownFileType = sourcecode.swift; path = SequenceUtility.swift; sourceTree = "<group>"; };
		EAE352AC26F00EEF002821F8 /* DoubleUtility.swift */ = {isa = PBXFileReference; fileEncoding = 4; lastKnownFileType = sourcecode.swift; path = DoubleUtility.swift; sourceTree = "<group>"; };
		EAE352AD26F00EEF002821F8 /* DictionaryUtility.swift */ = {isa = PBXFileReference; fileEncoding = 4; lastKnownFileType = sourcecode.swift; path = DictionaryUtility.swift; sourceTree = "<group>"; };
		EAE352AE26F00EEF002821F8 /* BundleUtility.swift */ = {isa = PBXFileReference; fileEncoding = 4; lastKnownFileType = sourcecode.swift; path = BundleUtility.swift; sourceTree = "<group>"; };
		EAE352AF26F00EEF002821F8 /* SQLUtility.swift */ = {isa = PBXFileReference; fileEncoding = 4; lastKnownFileType = sourcecode.swift; path = SQLUtility.swift; sourceTree = "<group>"; };
		EAE352B026F00EF0002821F8 /* JSONUtility.swift */ = {isa = PBXFileReference; fileEncoding = 4; lastKnownFileType = sourcecode.swift; path = JSONUtility.swift; sourceTree = "<group>"; };
		EAE352B126F00EF0002821F8 /* HTTPRequestUtility.swift */ = {isa = PBXFileReference; fileEncoding = 4; lastKnownFileType = sourcecode.swift; path = HTTPRequestUtility.swift; sourceTree = "<group>"; };
		EAE352B226F00EF0002821F8 /* DateUtility.swift */ = {isa = PBXFileReference; fileEncoding = 4; lastKnownFileType = sourcecode.swift; path = DateUtility.swift; sourceTree = "<group>"; };
		EAE352B326F00EF0002821F8 /* FloatUtility.swift */ = {isa = PBXFileReference; fileEncoding = 4; lastKnownFileType = sourcecode.swift; path = FloatUtility.swift; sourceTree = "<group>"; };
		EAE352B426F00EF0002821F8 /* CollectionUtility.swift */ = {isa = PBXFileReference; fileEncoding = 4; lastKnownFileType = sourcecode.swift; path = CollectionUtility.swift; sourceTree = "<group>"; };
		EAE352B526F00EF0002821F8 /* MirrorUtility.swift */ = {isa = PBXFileReference; fileEncoding = 4; lastKnownFileType = sourcecode.swift; path = MirrorUtility.swift; sourceTree = "<group>"; };
		EAE352B626F00EF0002821F8 /* Error.swift */ = {isa = PBXFileReference; fileEncoding = 4; lastKnownFileType = sourcecode.swift; path = Error.swift; sourceTree = "<group>"; };
		EAE352B826F00EF0002821F8 /* LogUtility.swift */ = {isa = PBXFileReference; fileEncoding = 4; lastKnownFileType = sourcecode.swift; path = LogUtility.swift; sourceTree = "<group>"; };
		EAE352B926F00EF0002821F8 /* StringUtility.swift */ = {isa = PBXFileReference; fileEncoding = 4; lastKnownFileType = sourcecode.swift; path = StringUtility.swift; sourceTree = "<group>"; };
		EAE352CF26F01090002821F8 /* Info.plist */ = {isa = PBXFileReference; fileEncoding = 4; lastKnownFileType = text.plist.xml; path = Info.plist; sourceTree = "<group>"; };
		EAE352F326F015B6002821F8 /* SwiftUtilityTestApp.app */ = {isa = PBXFileReference; explicitFileType = wrapper.application; includeInIndex = 0; path = SwiftUtilityTestApp.app; sourceTree = BUILT_PRODUCTS_DIR; };
		EAE352F526F015B6002821F8 /* AppDelegate.swift */ = {isa = PBXFileReference; lastKnownFileType = sourcecode.swift; path = AppDelegate.swift; sourceTree = "<group>"; };
		EAE352F726F015B6002821F8 /* SceneDelegate.swift */ = {isa = PBXFileReference; lastKnownFileType = sourcecode.swift; path = SceneDelegate.swift; sourceTree = "<group>"; };
		EAE352F926F015B6002821F8 /* ViewController.swift */ = {isa = PBXFileReference; lastKnownFileType = sourcecode.swift; path = ViewController.swift; sourceTree = "<group>"; };
		EAE352FC26F015B6002821F8 /* Base */ = {isa = PBXFileReference; lastKnownFileType = file.storyboard; name = Base; path = Base.lproj/Main.storyboard; sourceTree = "<group>"; };
		EAE352FE26F015B7002821F8 /* Assets.xcassets */ = {isa = PBXFileReference; lastKnownFileType = folder.assetcatalog; path = Assets.xcassets; sourceTree = "<group>"; };
		EAE3530126F015B7002821F8 /* Base */ = {isa = PBXFileReference; lastKnownFileType = file.storyboard; name = Base; path = Base.lproj/LaunchScreen.storyboard; sourceTree = "<group>"; };
		EAE3530326F015B7002821F8 /* Info.plist */ = {isa = PBXFileReference; lastKnownFileType = text.plist.xml; path = Info.plist; sourceTree = "<group>"; };
/* End PBXFileReference section */

/* Begin PBXFrameworksBuildPhase section */
		EAE3525C26F00DF2002821F8 /* Frameworks */ = {
			isa = PBXFrameworksBuildPhase;
			buildActionMask = 2147483647;
			files = (
				EA119E792713CADE0083A4EC /* SwiftyJSON in Frameworks */,
				EA119E762713CA890083A4EC /* Alamofire in Frameworks */,
				EA119E7C2713CB250083A4EC /* SwiftSoup in Frameworks */,
			);
			runOnlyForDeploymentPostprocessing = 0;
		};
		EAE3526526F00DF2002821F8 /* Frameworks */ = {
			isa = PBXFrameworksBuildPhase;
			buildActionMask = 2147483647;
			files = (
				EAE3526926F00DF2002821F8 /* SwiftUtility.framework in Frameworks */,
			);
			runOnlyForDeploymentPostprocessing = 0;
		};
		EAE352F026F015B6002821F8 /* Frameworks */ = {
			isa = PBXFrameworksBuildPhase;
			buildActionMask = 2147483647;
			files = (
			);
			runOnlyForDeploymentPostprocessing = 0;
		};
/* End PBXFrameworksBuildPhase section */

/* Begin PBXGroup section */
		EAE3525526F00DF2002821F8 = {
			isa = PBXGroup;
			children = (
				EAE3526126F00DF2002821F8 /* SwiftUtility */,
				EAE3526C26F00DF2002821F8 /* SwiftUtilityTests */,
				EAE352F426F015B6002821F8 /* SwiftUtilityTestApp */,
				EAE3526026F00DF2002821F8 /* Products */,
				EAE352E926F01235002821F8 /* Frameworks */,
			);
			sourceTree = "<group>";
		};
		EAE3526026F00DF2002821F8 /* Products */ = {
			isa = PBXGroup;
			children = (
				EAE3525F26F00DF2002821F8 /* SwiftUtility.framework */,
				EAE3526826F00DF2002821F8 /* SwiftUtilityTests.xctest */,
				EAE352F326F015B6002821F8 /* SwiftUtilityTestApp.app */,
			);
			name = Products;
			sourceTree = "<group>";
		};
		EAE3526126F00DF2002821F8 /* SwiftUtility */ = {
			isa = PBXGroup;
			children = (
				EAE352A626F00EEF002821F8 /* SwiftUtility.h */,
				EAE352CF26F01090002821F8 /* Info.plist */,
				EAE352A726F00EEF002821F8 /* Appliable.swift */,
				EAE352AE26F00EEF002821F8 /* BundleUtility.swift */,
				EAE352B426F00EF0002821F8 /* CollectionUtility.swift */,
				EAE352B226F00EF0002821F8 /* DateUtility.swift */,
				EAE352AD26F00EEF002821F8 /* DictionaryUtility.swift */,
				EAE352AC26F00EEF002821F8 /* DoubleUtility.swift */,
				EAE352B626F00EF0002821F8 /* Error.swift */,
				EAE352B326F00EF0002821F8 /* FloatUtility.swift */,
				EAE352B126F00EF0002821F8 /* HTTPRequestUtility.swift */,
				EAE352A926F00EEF002821F8 /* IntUtility.swift */,
				EAE352B026F00EF0002821F8 /* JSONUtility.swift */,
				EAE352B826F00EF0002821F8 /* LogUtility.swift */,
				EAE352B526F00EF0002821F8 /* MirrorUtility.swift */,
				EAE352AA26F00EEF002821F8 /* SequenceUtility.swift */,
				EAE352AF26F00EEF002821F8 /* SQLUtility.swift */,
				EAE352B926F00EF0002821F8 /* StringUtility.swift */,
			);
			path = SwiftUtility;
			sourceTree = "<group>";
		};
		EAE3526C26F00DF2002821F8 /* SwiftUtilityTests */ = {
			isa = PBXGroup;
			children = (
				EAE3526D26F00DF2002821F8 /* SwiftUtilityTests.swift */,
				EAE3526F26F00DF2002821F8 /* Info.plist */,
			);
			path = SwiftUtilityTests;
			sourceTree = "<group>";
		};
		EAE352E926F01235002821F8 /* Frameworks */ = {
			isa = PBXGroup;
			children = (
			);
			name = Frameworks;
			sourceTree = "<group>";
		};
		EAE352F426F015B6002821F8 /* SwiftUtilityTestApp */ = {
			isa = PBXGroup;
			children = (
				EAE352F526F015B6002821F8 /* AppDelegate.swift */,
				EAE352F726F015B6002821F8 /* SceneDelegate.swift */,
				EAE352F926F015B6002821F8 /* ViewController.swift */,
				EAE352FB26F015B6002821F8 /* Main.storyboard */,
				EAE352FE26F015B7002821F8 /* Assets.xcassets */,
				EAE3530026F015B7002821F8 /* LaunchScreen.storyboard */,
				EAE3530326F015B7002821F8 /* Info.plist */,
			);
			path = SwiftUtilityTestApp;
			sourceTree = "<group>";
		};
/* End PBXGroup section */

/* Begin PBXHeadersBuildPhase section */
		EAE3525A26F00DF2002821F8 /* Headers */ = {
			isa = PBXHeadersBuildPhase;
			buildActionMask = 2147483647;
			files = (
				EAE352BA26F00EF0002821F8 /* SwiftUtility.h in Headers */,
			);
			runOnlyForDeploymentPostprocessing = 0;
		};
/* End PBXHeadersBuildPhase section */

/* Begin PBXNativeTarget section */
		EAE3525E26F00DF2002821F8 /* SwiftUtility */ = {
			isa = PBXNativeTarget;
			buildConfigurationList = EAE3527326F00DF2002821F8 /* Build configuration list for PBXNativeTarget "SwiftUtility" */;
			buildPhases = (
				EAE3525A26F00DF2002821F8 /* Headers */,
				EAE3525B26F00DF2002821F8 /* Sources */,
				EAE3525C26F00DF2002821F8 /* Frameworks */,
				EAE3525D26F00DF2002821F8 /* Resources */,
			);
			buildRules = (
			);
			dependencies = (
			);
			name = SwiftUtility;
			packageProductDependencies = (
				EA119E752713CA890083A4EC /* Alamofire */,
				EA119E782713CADE0083A4EC /* SwiftyJSON */,
				EA119E7B2713CB250083A4EC /* SwiftSoup */,
			);
			productName = SwiftUtility;
			productReference = EAE3525F26F00DF2002821F8 /* SwiftUtility.framework */;
			productType = "com.apple.product-type.framework";
		};
		EAE3526726F00DF2002821F8 /* SwiftUtilityTests */ = {
			isa = PBXNativeTarget;
			buildConfigurationList = EAE3527626F00DF2002821F8 /* Build configuration list for PBXNativeTarget "SwiftUtilityTests" */;
			buildPhases = (
				EAE3526426F00DF2002821F8 /* Sources */,
				EAE3526526F00DF2002821F8 /* Frameworks */,
				EAE3526626F00DF2002821F8 /* Resources */,
			);
			buildRules = (
			);
			dependencies = (
				EAE3526B26F00DF2002821F8 /* PBXTargetDependency */,
			);
			name = SwiftUtilityTests;
			productName = SwiftUtilityTests;
			productReference = EAE3526826F00DF2002821F8 /* SwiftUtilityTests.xctest */;
			productType = "com.apple.product-type.bundle.unit-test";
		};
		EAE352F226F015B6002821F8 /* SwiftUtilityTestApp */ = {
			isa = PBXNativeTarget;
			buildConfigurationList = EAE3530426F015B7002821F8 /* Build configuration list for PBXNativeTarget "SwiftUtilityTestApp" */;
			buildPhases = (
				EAE352EF26F015B6002821F8 /* Sources */,
				EAE352F026F015B6002821F8 /* Frameworks */,
				EAE352F126F015B6002821F8 /* Resources */,
			);
			buildRules = (
			);
			dependencies = (
			);
			name = SwiftUtilityTestApp;
			productName = SwiftUtilityTestApp;
			productReference = EAE352F326F015B6002821F8 /* SwiftUtilityTestApp.app */;
			productType = "com.apple.product-type.application";
		};
/* End PBXNativeTarget section */

/* Begin PBXProject section */
		EAE3525626F00DF2002821F8 /* Project object */ = {
			isa = PBXProject;
			attributes = {
				LastSwiftUpdateCheck = 1250;
				LastUpgradeCheck = 1250;
				TargetAttributes = {
					EAE3525E26F00DF2002821F8 = {
						CreatedOnToolsVersion = 12.5.1;
						LastSwiftMigration = 1250;
					};
					EAE3526726F00DF2002821F8 = {
						CreatedOnToolsVersion = 12.5.1;
					};
					EAE352F226F015B6002821F8 = {
						CreatedOnToolsVersion = 12.5.1;
					};
				};
			};
			buildConfigurationList = EAE3525926F00DF2002821F8 /* Build configuration list for PBXProject "SwiftUtility" */;
			compatibilityVersion = "Xcode 9.3";
			developmentRegion = en;
			hasScannedForEncodings = 0;
			knownRegions = (
				en,
				Base,
			);
			mainGroup = EAE3525526F00DF2002821F8;
			packageReferences = (
				EA119E742713CA880083A4EC /* XCRemoteSwiftPackageReference "Alamofire" */,
				EA119E772713CADE0083A4EC /* XCRemoteSwiftPackageReference "SwiftyJSON" */,
				EA119E7A2713CB250083A4EC /* XCRemoteSwiftPackageReference "SwiftSoup" */,
			);
			productRefGroup = EAE3526026F00DF2002821F8 /* Products */;
			projectDirPath = "";
			projectRoot = "";
			targets = (
				EAE3525E26F00DF2002821F8 /* SwiftUtility */,
				EAE3526726F00DF2002821F8 /* SwiftUtilityTests */,
				EAE352F226F015B6002821F8 /* SwiftUtilityTestApp */,
			);
		};
/* End PBXProject section */

/* Begin PBXResourcesBuildPhase section */
		EAE3525D26F00DF2002821F8 /* Resources */ = {
			isa = PBXResourcesBuildPhase;
			buildActionMask = 2147483647;
			files = (
			);
			runOnlyForDeploymentPostprocessing = 0;
		};
		EAE3526626F00DF2002821F8 /* Resources */ = {
			isa = PBXResourcesBuildPhase;
			buildActionMask = 2147483647;
			files = (
			);
			runOnlyForDeploymentPostprocessing = 0;
		};
		EAE352F126F015B6002821F8 /* Resources */ = {
			isa = PBXResourcesBuildPhase;
			buildActionMask = 2147483647;
			files = (
				EAE3530226F015B7002821F8 /* LaunchScreen.storyboard in Resources */,
				EAE352FF26F015B7002821F8 /* Assets.xcassets in Resources */,
				EAE352FD26F015B6002821F8 /* Main.storyboard in Resources */,
			);
			runOnlyForDeploymentPostprocessing = 0;
		};
/* End PBXResourcesBuildPhase section */

/* Begin PBXSourcesBuildPhase section */
		EAE3525B26F00DF2002821F8 /* Sources */ = {
			isa = PBXSourcesBuildPhase;
			buildActionMask = 2147483647;
			files = (
				EAE352C726F00EF0002821F8 /* FloatUtility.swift in Sources */,
				EAE352C626F00EF0002821F8 /* DateUtility.swift in Sources */,
				EAE352CC26F00EF0002821F8 /* LogUtility.swift in Sources */,
				EAE352BE26F00EF0002821F8 /* SequenceUtility.swift in Sources */,
				EAE352C126F00EF0002821F8 /* DictionaryUtility.swift in Sources */,
				EAE352C426F00EF0002821F8 /* JSONUtility.swift in Sources */,
				EAE352C226F00EF0002821F8 /* BundleUtility.swift in Sources */,
				EAE352C926F00EF0002821F8 /* MirrorUtility.swift in Sources */,
				EAE352C026F00EF0002821F8 /* DoubleUtility.swift in Sources */,
				EAE352CD26F00EF0002821F8 /* StringUtility.swift in Sources */,
				EAE352BD26F00EF0002821F8 /* IntUtility.swift in Sources */,
				EAE352C326F00EF0002821F8 /* SQLUtility.swift in Sources */,
				EAE352C526F00EF0002821F8 /* HTTPRequestUtility.swift in Sources */,
				EAE352C826F00EF0002821F8 /* CollectionUtility.swift in Sources */,
				EAE352CA26F00EF0002821F8 /* Error.swift in Sources */,
				EAE352BB26F00EF0002821F8 /* Appliable.swift in Sources */,
			);
			runOnlyForDeploymentPostprocessing = 0;
		};
		EAE3526426F00DF2002821F8 /* Sources */ = {
			isa = PBXSourcesBuildPhase;
			buildActionMask = 2147483647;
			files = (
				EAE3526E26F00DF2002821F8 /* SwiftUtilityTests.swift in Sources */,
			);
			runOnlyForDeploymentPostprocessing = 0;
		};
		EAE352EF26F015B6002821F8 /* Sources */ = {
			isa = PBXSourcesBuildPhase;
			buildActionMask = 2147483647;
			files = (
				EAE352FA26F015B6002821F8 /* ViewController.swift in Sources */,
				EAE352F626F015B6002821F8 /* AppDelegate.swift in Sources */,
				EAE352F826F015B6002821F8 /* SceneDelegate.swift in Sources */,
			);
			runOnlyForDeploymentPostprocessing = 0;
		};
/* End PBXSourcesBuildPhase section */

/* Begin PBXTargetDependency section */
		EAE3526B26F00DF2002821F8 /* PBXTargetDependency */ = {
			isa = PBXTargetDependency;
			target = EAE3525E26F00DF2002821F8 /* SwiftUtility */;
			targetProxy = EAE3526A26F00DF2002821F8 /* PBXContainerItemProxy */;
		};
/* End PBXTargetDependency section */

/* Begin PBXVariantGroup section */
		EAE352FB26F015B6002821F8 /* Main.storyboard */ = {
			isa = PBXVariantGroup;
			children = (
				EAE352FC26F015B6002821F8 /* Base */,
			);
			name = Main.storyboard;
			sourceTree = "<group>";
		};
		EAE3530026F015B7002821F8 /* LaunchScreen.storyboard */ = {
			isa = PBXVariantGroup;
			children = (
				EAE3530126F015B7002821F8 /* Base */,
			);
			name = LaunchScreen.storyboard;
			sourceTree = "<group>";
		};
/* End PBXVariantGroup section */

/* Begin XCBuildConfiguration section */
		EAE3527126F00DF2002821F8 /* Debug */ = {
			isa = XCBuildConfiguration;
			buildSettings = {
				ALWAYS_SEARCH_USER_PATHS = NO;
				CLANG_ANALYZER_NONNULL = YES;
				CLANG_ANALYZER_NUMBER_OBJECT_CONVERSION = YES_AGGRESSIVE;
				CLANG_CXX_LANGUAGE_STANDARD = "gnu++14";
				CLANG_CXX_LIBRARY = "libc++";
				CLANG_ENABLE_MODULES = YES;
				CLANG_ENABLE_OBJC_ARC = YES;
				CLANG_ENABLE_OBJC_WEAK = YES;
				CLANG_WARN_BLOCK_CAPTURE_AUTORELEASING = YES;
				CLANG_WARN_BOOL_CONVERSION = YES;
				CLANG_WARN_COMMA = YES;
				CLANG_WARN_CONSTANT_CONVERSION = YES;
				CLANG_WARN_DEPRECATED_OBJC_IMPLEMENTATIONS = YES;
				CLANG_WARN_DIRECT_OBJC_ISA_USAGE = YES_ERROR;
				CLANG_WARN_DOCUMENTATION_COMMENTS = YES;
				CLANG_WARN_EMPTY_BODY = YES;
				CLANG_WARN_ENUM_CONVERSION = YES;
				CLANG_WARN_INFINITE_RECURSION = YES;
				CLANG_WARN_INT_CONVERSION = YES;
				CLANG_WARN_NON_LITERAL_NULL_CONVERSION = YES;
				CLANG_WARN_OBJC_IMPLICIT_RETAIN_SELF = YES;
				CLANG_WARN_OBJC_LITERAL_CONVERSION = YES;
				CLANG_WARN_OBJC_ROOT_CLASS = YES_ERROR;
				CLANG_WARN_QUOTED_INCLUDE_IN_FRAMEWORK_HEADER = YES;
				CLANG_WARN_RANGE_LOOP_ANALYSIS = YES;
				CLANG_WARN_STRICT_PROTOTYPES = YES;
				CLANG_WARN_SUSPICIOUS_MOVE = YES;
				CLANG_WARN_UNGUARDED_AVAILABILITY = YES_AGGRESSIVE;
				CLANG_WARN_UNREACHABLE_CODE = YES;
				CLANG_WARN__DUPLICATE_METHOD_MATCH = YES;
				COPY_PHASE_STRIP = NO;
				CURRENT_PROJECT_VERSION = 1;
				DEBUG_INFORMATION_FORMAT = dwarf;
				ENABLE_STRICT_OBJC_MSGSEND = YES;
				ENABLE_TESTABILITY = YES;
				GCC_C_LANGUAGE_STANDARD = gnu11;
				GCC_DYNAMIC_NO_PIC = NO;
				GCC_NO_COMMON_BLOCKS = YES;
				GCC_OPTIMIZATION_LEVEL = 0;
				GCC_PREPROCESSOR_DEFINITIONS = (
					"DEBUG=1",
					"$(inherited)",
				);
				GCC_WARN_64_TO_32_BIT_CONVERSION = YES;
				GCC_WARN_ABOUT_RETURN_TYPE = YES_ERROR;
				GCC_WARN_UNDECLARED_SELECTOR = YES;
				GCC_WARN_UNINITIALIZED_AUTOS = YES_AGGRESSIVE;
				GCC_WARN_UNUSED_FUNCTION = YES;
				GCC_WARN_UNUSED_VARIABLE = YES;
				IPHONEOS_DEPLOYMENT_TARGET = 12.0;
				MTL_ENABLE_DEBUG_INFO = INCLUDE_SOURCE;
				MTL_FAST_MATH = YES;
				ONLY_ACTIVE_ARCH = YES;
				SDKROOT = iphoneos;
				SWIFT_ACTIVE_COMPILATION_CONDITIONS = DEBUG;
				SWIFT_OPTIMIZATION_LEVEL = "-Onone";
				VERSIONING_SYSTEM = "apple-generic";
				VERSION_INFO_PREFIX = "";
			};
			name = Debug;
		};
		EAE3527226F00DF2002821F8 /* Release */ = {
			isa = XCBuildConfiguration;
			buildSettings = {
				ALWAYS_SEARCH_USER_PATHS = NO;
				CLANG_ANALYZER_NONNULL = YES;
				CLANG_ANALYZER_NUMBER_OBJECT_CONVERSION = YES_AGGRESSIVE;
				CLANG_CXX_LANGUAGE_STANDARD = "gnu++14";
				CLANG_CXX_LIBRARY = "libc++";
				CLANG_ENABLE_MODULES = YES;
				CLANG_ENABLE_OBJC_ARC = YES;
				CLANG_ENABLE_OBJC_WEAK = YES;
				CLANG_WARN_BLOCK_CAPTURE_AUTORELEASING = YES;
				CLANG_WARN_BOOL_CONVERSION = YES;
				CLANG_WARN_COMMA = YES;
				CLANG_WARN_CONSTANT_CONVERSION = YES;
				CLANG_WARN_DEPRECATED_OBJC_IMPLEMENTATIONS = YES;
				CLANG_WARN_DIRECT_OBJC_ISA_USAGE = YES_ERROR;
				CLANG_WARN_DOCUMENTATION_COMMENTS = YES;
				CLANG_WARN_EMPTY_BODY = YES;
				CLANG_WARN_ENUM_CONVERSION = YES;
				CLANG_WARN_INFINITE_RECURSION = YES;
				CLANG_WARN_INT_CONVERSION = YES;
				CLANG_WARN_NON_LITERAL_NULL_CONVERSION = YES;
				CLANG_WARN_OBJC_IMPLICIT_RETAIN_SELF = YES;
				CLANG_WARN_OBJC_LITERAL_CONVERSION = YES;
				CLANG_WARN_OBJC_ROOT_CLASS = YES_ERROR;
				CLANG_WARN_QUOTED_INCLUDE_IN_FRAMEWORK_HEADER = YES;
				CLANG_WARN_RANGE_LOOP_ANALYSIS = YES;
				CLANG_WARN_STRICT_PROTOTYPES = YES;
				CLANG_WARN_SUSPICIOUS_MOVE = YES;
				CLANG_WARN_UNGUARDED_AVAILABILITY = YES_AGGRESSIVE;
				CLANG_WARN_UNREACHABLE_CODE = YES;
				CLANG_WARN__DUPLICATE_METHOD_MATCH = YES;
				COPY_PHASE_STRIP = NO;
				CURRENT_PROJECT_VERSION = 1;
				DEBUG_INFORMATION_FORMAT = "dwarf-with-dsym";
				ENABLE_NS_ASSERTIONS = NO;
				ENABLE_STRICT_OBJC_MSGSEND = YES;
				GCC_C_LANGUAGE_STANDARD = gnu11;
				GCC_NO_COMMON_BLOCKS = YES;
				GCC_WARN_64_TO_32_BIT_CONVERSION = YES;
				GCC_WARN_ABOUT_RETURN_TYPE = YES_ERROR;
				GCC_WARN_UNDECLARED_SELECTOR = YES;
				GCC_WARN_UNINITIALIZED_AUTOS = YES_AGGRESSIVE;
				GCC_WARN_UNUSED_FUNCTION = YES;
				GCC_WARN_UNUSED_VARIABLE = YES;
				IPHONEOS_DEPLOYMENT_TARGET = 12.0;
				MTL_ENABLE_DEBUG_INFO = NO;
				MTL_FAST_MATH = YES;
				SDKROOT = iphoneos;
				SWIFT_COMPILATION_MODE = wholemodule;
				SWIFT_OPTIMIZATION_LEVEL = "-O";
				VALIDATE_PRODUCT = YES;
				VERSIONING_SYSTEM = "apple-generic";
				VERSION_INFO_PREFIX = "";
			};
			name = Release;
		};
		EAE3527426F00DF2002821F8 /* Debug */ = {
			isa = XCBuildConfiguration;
			buildSettings = {
				CLANG_ENABLE_MODULES = YES;
				CODE_SIGN_STYLE = Automatic;
				DEFINES_MODULE = YES;
				DEVELOPMENT_TEAM = HQEL5H2UZD;
				DYLIB_COMPATIBILITY_VERSION = 1;
				DYLIB_CURRENT_VERSION = 1;
				DYLIB_INSTALL_NAME_BASE = "@rpath";
				INFOPLIST_FILE = SwiftUtility/Info.plist;
				INSTALL_PATH = "$(LOCAL_LIBRARY_DIR)/Frameworks";
				IPHONEOS_DEPLOYMENT_TARGET = 12.0;
				LD_RUNPATH_SEARCH_PATHS = (
					"$(inherited)",
					"@executable_path/Frameworks",
					"@loader_path/Frameworks",
				);
				ONLY_ACTIVE_ARCH = YES;
				PRODUCT_BUNDLE_IDENTIFIER = net.hyeongkyu.iphone.SwiftUtility;
				PRODUCT_NAME = "$(TARGET_NAME:c99extidentifier)";
				SKIP_INSTALL = YES;
				SWIFT_OPTIMIZATION_LEVEL = "-Onone";
				SWIFT_VERSION = 5.0;
				TARGETED_DEVICE_FAMILY = "1,2";
			};
			name = Debug;
		};
		EAE3527526F00DF2002821F8 /* Release */ = {
			isa = XCBuildConfiguration;
			buildSettings = {
				CLANG_ENABLE_MODULES = YES;
				CODE_SIGN_STYLE = Automatic;
				DEFINES_MODULE = YES;
				DEVELOPMENT_TEAM = HQEL5H2UZD;
				DYLIB_COMPATIBILITY_VERSION = 1;
				DYLIB_CURRENT_VERSION = 1;
				DYLIB_INSTALL_NAME_BASE = "@rpath";
				INFOPLIST_FILE = SwiftUtility/Info.plist;
				INSTALL_PATH = "$(LOCAL_LIBRARY_DIR)/Frameworks";
				IPHONEOS_DEPLOYMENT_TARGET = 12.0;
				LD_RUNPATH_SEARCH_PATHS = (
					"$(inherited)",
					"@executable_path/Frameworks",
					"@loader_path/Frameworks",
				);
				PRODUCT_BUNDLE_IDENTIFIER = net.hyeongkyu.iphone.SwiftUtility;
				PRODUCT_NAME = "$(TARGET_NAME:c99extidentifier)";
				SKIP_INSTALL = YES;
				SWIFT_VERSION = 5.0;
				TARGETED_DEVICE_FAMILY = "1,2";
			};
			name = Release;
		};
		EAE3527726F00DF2002821F8 /* Debug */ = {
			isa = XCBuildConfiguration;
			buildSettings = {
				ALWAYS_EMBED_SWIFT_STANDARD_LIBRARIES = YES;
				CODE_SIGN_STYLE = Automatic;
				DEVELOPMENT_TEAM = HQEL5H2UZD;
				INFOPLIST_FILE = SwiftUtilityTests/Info.plist;
				LD_RUNPATH_SEARCH_PATHS = (
					"$(inherited)",
					"@executable_path/Frameworks",
					"@loader_path/Frameworks",
				);
				PRODUCT_BUNDLE_IDENTIFIER = net.hyeongkyu.iphone.SwiftUtilityTests;
				PRODUCT_NAME = "$(TARGET_NAME)";
				SWIFT_VERSION = 5.0;
				TARGETED_DEVICE_FAMILY = "1,2";
			};
			name = Debug;
		};
		EAE3527826F00DF2002821F8 /* Release */ = {
			isa = XCBuildConfiguration;
			buildSettings = {
				ALWAYS_EMBED_SWIFT_STANDARD_LIBRARIES = YES;
				CODE_SIGN_STYLE = Automatic;
				DEVELOPMENT_TEAM = HQEL5H2UZD;
				INFOPLIST_FILE = SwiftUtilityTests/Info.plist;
				LD_RUNPATH_SEARCH_PATHS = (
					"$(inherited)",
					"@executable_path/Frameworks",
					"@loader_path/Frameworks",
				);
				PRODUCT_BUNDLE_IDENTIFIER = net.hyeongkyu.iphone.SwiftUtilityTests;
				PRODUCT_NAME = "$(TARGET_NAME)";
				SWIFT_VERSION = 5.0;
				TARGETED_DEVICE_FAMILY = "1,2";
			};
			name = Release;
		};
		EAE3530526F015B7002821F8 /* Debug */ = {
			isa = XCBuildConfiguration;
			buildSettings = {
				ASSETCATALOG_COMPILER_APPICON_NAME = AppIcon;
				ASSETCATALOG_COMPILER_GLOBAL_ACCENT_COLOR_NAME = AccentColor;
				CODE_SIGN_STYLE = Automatic;
				DEVELOPMENT_TEAM = HQEL5H2UZD;
				INFOPLIST_FILE = SwiftUtilityTestApp/Info.plist;
				IPHONEOS_DEPLOYMENT_TARGET = 11.0;
				LD_RUNPATH_SEARCH_PATHS = (
					"$(inherited)",
					"@executable_path/Frameworks",
				);
				PRODUCT_BUNDLE_IDENTIFIER = net.hyeongkyu.iphone.SwiftUtilityTestApp;
				PRODUCT_NAME = "$(TARGET_NAME)";
				SWIFT_VERSION = 5.0;
				TARGETED_DEVICE_FAMILY = "1,2";
			};
			name = Debug;
		};
		EAE3530626F015B7002821F8 /* Release */ = {
			isa = XCBuildConfiguration;
			buildSettings = {
				ASSETCATALOG_COMPILER_APPICON_NAME = AppIcon;
				ASSETCATALOG_COMPILER_GLOBAL_ACCENT_COLOR_NAME = AccentColor;
				CODE_SIGN_STYLE = Automatic;
				DEVELOPMENT_TEAM = HQEL5H2UZD;
				INFOPLIST_FILE = SwiftUtilityTestApp/Info.plist;
				IPHONEOS_DEPLOYMENT_TARGET = 11.0;
				LD_RUNPATH_SEARCH_PATHS = (
					"$(inherited)",
					"@executable_path/Frameworks",
				);
				PRODUCT_BUNDLE_IDENTIFIER = net.hyeongkyu.iphone.SwiftUtilityTestApp;
				PRODUCT_NAME = "$(TARGET_NAME)";
				SWIFT_VERSION = 5.0;
				TARGETED_DEVICE_FAMILY = "1,2";
			};
			name = Release;
		};
/* End XCBuildConfiguration section */

/* Begin XCConfigurationList section */
		EAE3525926F00DF2002821F8 /* Build configuration list for PBXProject "SwiftUtility" */ = {
			isa = XCConfigurationList;
			buildConfigurations = (
				EAE3527126F00DF2002821F8 /* Debug */,
				EAE3527226F00DF2002821F8 /* Release */,
			);
			defaultConfigurationIsVisible = 0;
			defaultConfigurationName = Release;
		};
		EAE3527326F00DF2002821F8 /* Build configuration list for PBXNativeTarget "SwiftUtility" */ = {
			isa = XCConfigurationList;
			buildConfigurations = (
				EAE3527426F00DF2002821F8 /* Debug */,
				EAE3527526F00DF2002821F8 /* Release */,
			);
			defaultConfigurationIsVisible = 0;
			defaultConfigurationName = Release;
		};
		EAE3527626F00DF2002821F8 /* Build configuration list for PBXNativeTarget "SwiftUtilityTests" */ = {
			isa = XCConfigurationList;
			buildConfigurations = (
				EAE3527726F00DF2002821F8 /* Debug */,
				EAE3527826F00DF2002821F8 /* Release */,
			);
			defaultConfigurationIsVisible = 0;
			defaultConfigurationName = Release;
		};
		EAE3530426F015B7002821F8 /* Build configuration list for PBXNativeTarget "SwiftUtilityTestApp" */ = {
			isa = XCConfigurationList;
			buildConfigurations = (
				EAE3530526F015B7002821F8 /* Debug */,
				EAE3530626F015B7002821F8 /* Release */,
			);
			defaultConfigurationIsVisible = 0;
			defaultConfigurationName = Release;
		};
/* End XCConfigurationList section */

/* Begin XCRemoteSwiftPackageReference section */
		EA119E742713CA880083A4EC /* XCRemoteSwiftPackageReference "Alamofire" */ = {
			isa = XCRemoteSwiftPackageReference;
			repositoryURL = "https://github.com/Alamofire/Alamofire.git";
			requirement = {
				kind = upToNextMajorVersion;
				minimumVersion = 5.6.1;
			};
		};
		EA119E772713CADE0083A4EC /* XCRemoteSwiftPackageReference "SwiftyJSON" */ = {
			isa = XCRemoteSwiftPackageReference;
			repositoryURL = "https://github.com/SwiftyJSON/SwiftyJSON.git";
			requirement = {
				kind = upToNextMajorVersion;
				minimumVersion = 5.0.1;
			};
		};
		EA119E7A2713CB250083A4EC /* XCRemoteSwiftPackageReference "SwiftSoup" */ = {
			isa = XCRemoteSwiftPackageReference;
			repositoryURL = "https://github.com/scinfu/SwiftSoup";
			requirement = {
				kind = upToNextMajorVersion;
				minimumVersion = 2.3.3;
			};
		};
/* End XCRemoteSwiftPackageReference section */

/* Begin XCSwiftPackageProductDependency section */
		EA119E752713CA890083A4EC /* Alamofire */ = {
			isa = XCSwiftPackageProductDependency;
			package = EA119E742713CA880083A4EC /* XCRemoteSwiftPackageReference "Alamofire" */;
			productName = Alamofire;
		};
		EA119E782713CADE0083A4EC /* SwiftyJSON */ = {
			isa = XCSwiftPackageProductDependency;
			package = EA119E772713CADE0083A4EC /* XCRemoteSwiftPackageReference "SwiftyJSON" */;
			productName = SwiftyJSON;
		};
		EA119E7B2713CB250083A4EC /* SwiftSoup */ = {
			isa = XCSwiftPackageProductDependency;
			package = EA119E7A2713CB250083A4EC /* XCRemoteSwiftPackageReference "SwiftSoup" */;
			productName = SwiftSoup;
		};
/* End XCSwiftPackageProductDependency section */
	};
	rootObject = EAE3525626F00DF2002821F8 /* Project object */;
}
